
Microsoft Visual Studio Solution File, Format Version 12.00
# Visual Studio Version 17
VisualStudioVersion = 17.10.35027.167
MinimumVisualStudioVersion = 10.0.40219.1
Project("{FAE04EC0-301F-11D3-BF4B-00C04F79EFBC}") = "gridview events example", "gridview events example\gridview events example.csproj", "{1FD24DC7-7A0A-44DB-91FB-4A4B904C1786}"
EndProject
Global
	GlobalSection(SolutionConfigurationPlatforms) = preSolution
		Debug|Any CPU = Debug|Any CPU
		Release|Any CPU = Release|Any CPU
	EndGlobalSection
	GlobalSection(ProjectConfigurationPlatforms) = postSolution
		{1FD24DC7-7A0A-44DB-91FB-4A4B904C1786}.Debug|Any CPU.ActiveCfg = Debug|Any CPU
		{1FD24DC7-7A0A-44DB-91FB-4A4B904C1786}.Debug|Any CPU.Build.0 = Debug|Any CPU
		{1FD24DC7-7A0A-44DB-91FB-4A4B904C1786}.Release|Any CPU.ActiveCfg = Release|Any CPU
		{1FD24DC7-7A0A-44DB-91FB-4A4B904C1786}.Release|Any CPU.Build.0 = Release|Any CPU
	EndGlobalSection
	GlobalSection(SolutionProperties) = preSolution
		HideSolutionNode = FALSE
	EndGlobalSection
	GlobalSection(ExtensibilityGlobals) = postSolution
		SolutionGuid = {C4BA3BF0-97D4-431B-AF6A-0520CECF8E54}
	EndGlobalSection
EndGlobal
